
Microsoft Visual Studio Solution File, Format Version 12.00
# Visual Studio Version 17
VisualStudioVersion = 17.1.32210.238
MinimumVisualStudioVersion = 10.0.40219.1
Project("{FAE04EC0-301F-11D3-BF4B-00C04F79EFBC}") = "NochesMLCore", "NochesMLCore\NochesMLCore.csproj", "{1D487182-BF01-4AF2-9CFF-DB12D720F3FC}"
EndProject
Project("{FAE04EC0-301F-11D3-BF4B-00C04F79EFBC}") = "Preprocessor", "Preprocessor\Preprocessor.csproj", "{E720AC5F-FDB3-4BA4-AC19-5435011FC33E}"
EndProject
Project("{FAE04EC0-301F-11D3-BF4B-00C04F79EFBC}") = "Noches Forms", "Noches Forms\Noches Forms.csproj", "{B0E8634E-F171-4190-AB11-04F2E163545D}"
EndProject
Global
	GlobalSection(SolutionConfigurationPlatforms) = preSolution
		Debug|Any CPU = Debug|Any CPU
		Release|Any CPU = Release|Any CPU
	EndGlobalSection
	GlobalSection(ProjectConfigurationPlatforms) = postSolution
		{1D487182-BF01-4AF2-9CFF-DB12D720F3FC}.Debug|Any CPU.ActiveCfg = Debug|Any CPU
		{1D487182-BF01-4AF2-9CFF-DB12D720F3FC}.Debug|Any CPU.Build.0 = Debug|Any CPU
		{1D487182-BF01-4AF2-9CFF-DB12D720F3FC}.Release|Any CPU.ActiveCfg = Release|Any CPU
		{1D487182-BF01-4AF2-9CFF-DB12D720F3FC}.Release|Any CPU.Build.0 = Release|Any CPU
		{E720AC5F-FDB3-4BA4-AC19-5435011FC33E}.Debug|Any CPU.ActiveCfg = Debug|Any CPU
		{E720AC5F-FDB3-4BA4-AC19-5435011FC33E}.Debug|Any CPU.Build.0 = Debug|Any CPU
		{E720AC5F-FDB3-4BA4-AC19-5435011FC33E}.Release|Any CPU.ActiveCfg = Release|Any CPU
		{E720AC5F-FDB3-4BA4-AC19-5435011FC33E}.Release|Any CPU.Build.0 = Release|Any CPU
		{B0E8634E-F171-4190-AB11-04F2E163545D}.Debug|Any CPU.ActiveCfg = Debug|Any CPU
		{B0E8634E-F171-4190-AB11-04F2E163545D}.Debug|Any CPU.Build.0 = Debug|Any CPU
		{B0E8634E-F171-4190-AB11-04F2E163545D}.Release|Any CPU.ActiveCfg = Release|Any CPU
		{B0E8634E-F171-4190-AB11-04F2E163545D}.Release|Any CPU.Build.0 = Release|Any CPU
	EndGlobalSection
	GlobalSection(SolutionProperties) = preSolution
		HideSolutionNode = FALSE
	EndGlobalSection
	GlobalSection(ExtensibilityGlobals) = postSolution
		SolutionGuid = {BC8A90BE-38B0-482E-AE57-7D928159E374}
	EndGlobalSection
EndGlobal
